
Microsoft Visual Studio Solution File, Format Version 12.00
# Visual Studio Version 17
VisualStudioVersion = 17.1.32414.318
MinimumVisualStudioVersion = 10.0.40219.1
Project("{FAE04EC0-301F-11D3-BF4B-00C04F79EFBC}") = "CSharpFundamentals", "CSharpFundamentals\CSharpFundamentals.csproj", "{5CE9228E-1B00-4D9F-8C19-938110458BB7}"
EndProject
Global
	GlobalSection(SolutionConfigurationPlatforms) = preSolution
		Debug|Any CPU = Debug|Any CPU
		Release|Any CPU = Release|Any CPU
	EndGlobalSection
	GlobalSection(ProjectConfigurationPlatforms) = postSolution
		{5CE9228E-1B00-4D9F-8C19-938110458BB7}.Debug|Any CPU.ActiveCfg = Debug|Any CPU
		{5CE9228E-1B00-4D9F-8C19-938110458BB7}.Debug|Any CPU.Build.0 = Debug|Any CPU
		{5CE9228E-1B00-4D9F-8C19-938110458BB7}.Release|Any CPU.ActiveCfg = Release|Any CPU
		{5CE9228E-1B00-4D9F-8C19-938110458BB7}.Release|Any CPU.Build.0 = Release|Any CPU
	EndGlobalSection
	GlobalSection(SolutionProperties) = preSolution
		HideSolutionNode = FALSE
	EndGlobalSection
	GlobalSection(ExtensibilityGlobals) = postSolution
		SolutionGuid = {3415D69C-275B-4BB9-93AB-24F1E4A5AB0A}
	EndGlobalSection
EndGlobal
